
Microsoft Visual Studio Solution File, Format Version 12.00
# Visual Studio 15
VisualStudioVersion = 15.0.27130.2036
MinimumVisualStudioVersion = 10.0.40219.1
Project("{FAE04EC0-301F-11D3-BF4B-00C04F79EFBC}") = "PracticeAPI", "PracticeAPI\PracticeAPI.csproj", "{8AFFB1A1-529E-482F-B1DF-1589235BD064}"
EndProject
Project("{FAE04EC0-301F-11D3-BF4B-00C04F79EFBC}") = "PracticeAPI.Tests", "PracticeAPI.Tests\PracticeAPI.Tests.csproj", "{90A71497-6CA7-4BF8-BCD7-CDB84BB9F0EB}"
EndProject
Global
	GlobalSection(SolutionConfigurationPlatforms) = preSolution
		Debug|Any CPU = Debug|Any CPU
		Release|Any CPU = Release|Any CPU
	EndGlobalSection
	GlobalSection(ProjectConfigurationPlatforms) = postSolution
		{8AFFB1A1-529E-482F-B1DF-1589235BD064}.Debug|Any CPU.ActiveCfg = Debug|Any CPU
		{8AFFB1A1-529E-482F-B1DF-1589235BD064}.Debug|Any CPU.Build.0 = Debug|Any CPU
		{8AFFB1A1-529E-482F-B1DF-1589235BD064}.Release|Any CPU.ActiveCfg = Release|Any CPU
		{8AFFB1A1-529E-482F-B1DF-1589235BD064}.Release|Any CPU.Build.0 = Release|Any CPU
		{90A71497-6CA7-4BF8-BCD7-CDB84BB9F0EB}.Debug|Any CPU.ActiveCfg = Debug|Any CPU
		{90A71497-6CA7-4BF8-BCD7-CDB84BB9F0EB}.Debug|Any CPU.Build.0 = Debug|Any CPU
		{90A71497-6CA7-4BF8-BCD7-CDB84BB9F0EB}.Release|Any CPU.ActiveCfg = Release|Any CPU
		{90A71497-6CA7-4BF8-BCD7-CDB84BB9F0EB}.Release|Any CPU.Build.0 = Release|Any CPU
	EndGlobalSection
	GlobalSection(SolutionProperties) = preSolution
		HideSolutionNode = FALSE
	EndGlobalSection
	GlobalSection(ExtensibilityGlobals) = postSolution
		SolutionGuid = {F96605E3-37EB-492F-9309-272059101D7D}
	EndGlobalSection
EndGlobal
